
Microsoft Visual Studio Solution File, Format Version 12.00
# Visual Studio 15
VisualStudioVersion = 15.0.27130.2027
MinimumVisualStudioVersion = 10.0.40219.1
Project("{FAE04EC0-301F-11D3-BF4B-00C04F79EFBC}") = "20211109_LocalVariable", "20211109_LocalVariable\20211109_LocalVariable.csproj", "{A79771F6-D462-42F9-A5E5-3E99D5C370F7}"
EndProject
Global
	GlobalSection(SolutionConfigurationPlatforms) = preSolution
		Debug|Any CPU = Debug|Any CPU
		Release|Any CPU = Release|Any CPU
	EndGlobalSection
	GlobalSection(ProjectConfigurationPlatforms) = postSolution
		{A79771F6-D462-42F9-A5E5-3E99D5C370F7}.Debug|Any CPU.ActiveCfg = Debug|Any CPU
		{A79771F6-D462-42F9-A5E5-3E99D5C370F7}.Debug|Any CPU.Build.0 = Debug|Any CPU
		{A79771F6-D462-42F9-A5E5-3E99D5C370F7}.Release|Any CPU.ActiveCfg = Release|Any CPU
		{A79771F6-D462-42F9-A5E5-3E99D5C370F7}.Release|Any CPU.Build.0 = Release|Any CPU
	EndGlobalSection
	GlobalSection(SolutionProperties) = preSolution
		HideSolutionNode = FALSE
	EndGlobalSection
	GlobalSection(ExtensibilityGlobals) = postSolution
		SolutionGuid = {3F7831CD-7F5E-42BD-BAB2-34C6A96020C9}
	EndGlobalSection
EndGlobal
