
Microsoft Visual Studio Solution File, Format Version 12.00
# Visual Studio 15
VisualStudioVersion = 15.0.27130.2027
MinimumVisualStudioVersion = 10.0.40219.1
Project("{FAE04EC0-301F-11D3-BF4B-00C04F79EFBC}") = "20211116_CheckBoxApp", "20211116_CheckBoxApp\20211116_CheckBoxApp.csproj", "{35ADE3D5-87EE-4702-88F9-18619E3DC5D4}"
EndProject
Global
	GlobalSection(SolutionConfigurationPlatforms) = preSolution
		Debug|Any CPU = Debug|Any CPU
		Release|Any CPU = Release|Any CPU
	EndGlobalSection
	GlobalSection(ProjectConfigurationPlatforms) = postSolution
		{35ADE3D5-87EE-4702-88F9-18619E3DC5D4}.Debug|Any CPU.ActiveCfg = Debug|Any CPU
		{35ADE3D5-87EE-4702-88F9-18619E3DC5D4}.Debug|Any CPU.Build.0 = Debug|Any CPU
		{35ADE3D5-87EE-4702-88F9-18619E3DC5D4}.Release|Any CPU.ActiveCfg = Release|Any CPU
		{35ADE3D5-87EE-4702-88F9-18619E3DC5D4}.Release|Any CPU.Build.0 = Release|Any CPU
	EndGlobalSection
	GlobalSection(SolutionProperties) = preSolution
		HideSolutionNode = FALSE
	EndGlobalSection
	GlobalSection(ExtensibilityGlobals) = postSolution
		SolutionGuid = {C38A7563-A3D2-4F7D-9E52-EC2CF23B3126}
	EndGlobalSection
EndGlobal
