
Microsoft Visual Studio Solution File, Format Version 12.00
# Visual Studio 15
VisualStudioVersion = 15.0.27130.2027
MinimumVisualStudioVersion = 10.0.40219.1
Project("{FAE04EC0-301F-11D3-BF4B-00C04F79EFBC}") = "20211117_DataBasePractice", "20211117_DataBasePractice\20211117_DataBasePractice.csproj", "{EDD57649-5084-4C2D-B646-65DEE2FAADB1}"
EndProject
Global
	GlobalSection(SolutionConfigurationPlatforms) = preSolution
		Debug|Any CPU = Debug|Any CPU
		Release|Any CPU = Release|Any CPU
	EndGlobalSection
	GlobalSection(ProjectConfigurationPlatforms) = postSolution
		{EDD57649-5084-4C2D-B646-65DEE2FAADB1}.Debug|Any CPU.ActiveCfg = Debug|Any CPU
		{EDD57649-5084-4C2D-B646-65DEE2FAADB1}.Debug|Any CPU.Build.0 = Debug|Any CPU
		{EDD57649-5084-4C2D-B646-65DEE2FAADB1}.Release|Any CPU.ActiveCfg = Release|Any CPU
		{EDD57649-5084-4C2D-B646-65DEE2FAADB1}.Release|Any CPU.Build.0 = Release|Any CPU
	EndGlobalSection
	GlobalSection(SolutionProperties) = preSolution
		HideSolutionNode = FALSE
	EndGlobalSection
	GlobalSection(ExtensibilityGlobals) = postSolution
		SolutionGuid = {F231EF92-5462-4866-84A1-DE7C1170CF15}
	EndGlobalSection
EndGlobal
