
Microsoft Visual Studio Solution File, Format Version 12.00
# Visual Studio 15
VisualStudioVersion = 15.0.27130.2027
MinimumVisualStudioVersion = 10.0.40219.1
Project("{FAE04EC0-301F-11D3-BF4B-00C04F79EFBC}") = "20211114_OrderBy", "20211114_OrderBy\20211114_OrderBy.csproj", "{1B2E24D8-BA73-4EF6-950B-F3EE05C878E0}"
EndProject
Global
	GlobalSection(SolutionConfigurationPlatforms) = preSolution
		Debug|Any CPU = Debug|Any CPU
		Release|Any CPU = Release|Any CPU
	EndGlobalSection
	GlobalSection(ProjectConfigurationPlatforms) = postSolution
		{1B2E24D8-BA73-4EF6-950B-F3EE05C878E0}.Debug|Any CPU.ActiveCfg = Debug|Any CPU
		{1B2E24D8-BA73-4EF6-950B-F3EE05C878E0}.Debug|Any CPU.Build.0 = Debug|Any CPU
		{1B2E24D8-BA73-4EF6-950B-F3EE05C878E0}.Release|Any CPU.ActiveCfg = Release|Any CPU
		{1B2E24D8-BA73-4EF6-950B-F3EE05C878E0}.Release|Any CPU.Build.0 = Release|Any CPU
	EndGlobalSection
	GlobalSection(SolutionProperties) = preSolution
		HideSolutionNode = FALSE
	EndGlobalSection
	GlobalSection(ExtensibilityGlobals) = postSolution
		SolutionGuid = {9FC24D93-829A-416C-A9E3-425A92213A7D}
	EndGlobalSection
EndGlobal
