
Microsoft Visual Studio Solution File, Format Version 12.00
# Visual Studio 15
VisualStudioVersion = 15.0.27130.2027
MinimumVisualStudioVersion = 10.0.40219.1
Project("{FAE04EC0-301F-11D3-BF4B-00C04F79EFBC}") = "20211109_ValueType", "20211109_ValueType\20211109_ValueType.csproj", "{4FECF7B0-2526-4F5E-9751-96C87E0FB533}"
EndProject
Global
	GlobalSection(SolutionConfigurationPlatforms) = preSolution
		Debug|Any CPU = Debug|Any CPU
		Release|Any CPU = Release|Any CPU
	EndGlobalSection
	GlobalSection(ProjectConfigurationPlatforms) = postSolution
		{4FECF7B0-2526-4F5E-9751-96C87E0FB533}.Debug|Any CPU.ActiveCfg = Debug|Any CPU
		{4FECF7B0-2526-4F5E-9751-96C87E0FB533}.Debug|Any CPU.Build.0 = Debug|Any CPU
		{4FECF7B0-2526-4F5E-9751-96C87E0FB533}.Release|Any CPU.ActiveCfg = Release|Any CPU
		{4FECF7B0-2526-4F5E-9751-96C87E0FB533}.Release|Any CPU.Build.0 = Release|Any CPU
	EndGlobalSection
	GlobalSection(SolutionProperties) = preSolution
		HideSolutionNode = FALSE
	EndGlobalSection
	GlobalSection(ExtensibilityGlobals) = postSolution
		SolutionGuid = {9D3D10B5-6EDC-4180-AE94-67C765A8EF61}
	EndGlobalSection
EndGlobal
