
Microsoft Visual Studio Solution File, Format Version 12.00
# Visual Studio 15
VisualStudioVersion = 15.0.27130.2027
MinimumVisualStudioVersion = 10.0.40219.1
Project("{FAE04EC0-301F-11D3-BF4B-00C04F79EFBC}") = "20211114_StaticMethod", "20211114_StaticMethod\20211114_StaticMethod.csproj", "{ABB36C91-3B53-4703-95C8-7D4D24835EA8}"
EndProject
Global
	GlobalSection(SolutionConfigurationPlatforms) = preSolution
		Debug|Any CPU = Debug|Any CPU
		Release|Any CPU = Release|Any CPU
	EndGlobalSection
	GlobalSection(ProjectConfigurationPlatforms) = postSolution
		{ABB36C91-3B53-4703-95C8-7D4D24835EA8}.Debug|Any CPU.ActiveCfg = Debug|Any CPU
		{ABB36C91-3B53-4703-95C8-7D4D24835EA8}.Debug|Any CPU.Build.0 = Debug|Any CPU
		{ABB36C91-3B53-4703-95C8-7D4D24835EA8}.Release|Any CPU.ActiveCfg = Release|Any CPU
		{ABB36C91-3B53-4703-95C8-7D4D24835EA8}.Release|Any CPU.Build.0 = Release|Any CPU
	EndGlobalSection
	GlobalSection(SolutionProperties) = preSolution
		HideSolutionNode = FALSE
	EndGlobalSection
	GlobalSection(ExtensibilityGlobals) = postSolution
		SolutionGuid = {AC55F82E-044E-4477-997F-C48C1AB1E97C}
	EndGlobalSection
EndGlobal
