
Microsoft Visual Studio Solution File, Format Version 12.00
# Visual Studio 15
VisualStudioVersion = 15.0.27130.2027
MinimumVisualStudioVersion = 10.0.40219.1
Project("{FAE04EC0-301F-11D3-BF4B-00C04F79EFBC}") = "20211115_SuperClassType", "20211115_SuperClassType\20211115_SuperClassType.csproj", "{39F79620-B265-4823-9DAD-20E64EA651E8}"
EndProject
Global
	GlobalSection(SolutionConfigurationPlatforms) = preSolution
		Debug|Any CPU = Debug|Any CPU
		Release|Any CPU = Release|Any CPU
	EndGlobalSection
	GlobalSection(ProjectConfigurationPlatforms) = postSolution
		{39F79620-B265-4823-9DAD-20E64EA651E8}.Debug|Any CPU.ActiveCfg = Debug|Any CPU
		{39F79620-B265-4823-9DAD-20E64EA651E8}.Debug|Any CPU.Build.0 = Debug|Any CPU
		{39F79620-B265-4823-9DAD-20E64EA651E8}.Release|Any CPU.ActiveCfg = Release|Any CPU
		{39F79620-B265-4823-9DAD-20E64EA651E8}.Release|Any CPU.Build.0 = Release|Any CPU
	EndGlobalSection
	GlobalSection(SolutionProperties) = preSolution
		HideSolutionNode = FALSE
	EndGlobalSection
	GlobalSection(ExtensibilityGlobals) = postSolution
		SolutionGuid = {24D21C09-B9C5-45F0-88ED-E17936A1AB0B}
	EndGlobalSection
EndGlobal
