
Microsoft Visual Studio Solution File, Format Version 12.00
# Visual Studio 15
VisualStudioVersion = 15.0.27130.2027
MinimumVisualStudioVersion = 10.0.40219.1
Project("{FAE04EC0-301F-11D3-BF4B-00C04F79EFBC}") = "20211112_BreakStatement", "20211112_BreakStatement\20211112_BreakStatement.csproj", "{FFD49134-EF13-42A4-AF8E-8E05C9E75BC4}"
EndProject
Global
	GlobalSection(SolutionConfigurationPlatforms) = preSolution
		Debug|Any CPU = Debug|Any CPU
		Release|Any CPU = Release|Any CPU
	EndGlobalSection
	GlobalSection(ProjectConfigurationPlatforms) = postSolution
		{FFD49134-EF13-42A4-AF8E-8E05C9E75BC4}.Debug|Any CPU.ActiveCfg = Debug|Any CPU
		{FFD49134-EF13-42A4-AF8E-8E05C9E75BC4}.Debug|Any CPU.Build.0 = Debug|Any CPU
		{FFD49134-EF13-42A4-AF8E-8E05C9E75BC4}.Release|Any CPU.ActiveCfg = Release|Any CPU
		{FFD49134-EF13-42A4-AF8E-8E05C9E75BC4}.Release|Any CPU.Build.0 = Release|Any CPU
	EndGlobalSection
	GlobalSection(SolutionProperties) = preSolution
		HideSolutionNode = FALSE
	EndGlobalSection
	GlobalSection(ExtensibilityGlobals) = postSolution
		SolutionGuid = {CF669A53-D8FE-45A3-B961-A536B0DC535D}
	EndGlobalSection
EndGlobal
