
Microsoft Visual Studio Solution File, Format Version 12.00
# Visual Studio 15
VisualStudioVersion = 15.0.27130.2027
MinimumVisualStudioVersion = 10.0.40219.1
Project("{FAE04EC0-301F-11D3-BF4B-00C04F79EFBC}") = "20211116_NextBirthday", "20211116_NextBirthday\20211116_NextBirthday.csproj", "{347A09FC-FAFA-4B7B-ADE6-E441722CF2ED}"
EndProject
Global
	GlobalSection(SolutionConfigurationPlatforms) = preSolution
		Debug|Any CPU = Debug|Any CPU
		Release|Any CPU = Release|Any CPU
	EndGlobalSection
	GlobalSection(ProjectConfigurationPlatforms) = postSolution
		{347A09FC-FAFA-4B7B-ADE6-E441722CF2ED}.Debug|Any CPU.ActiveCfg = Debug|Any CPU
		{347A09FC-FAFA-4B7B-ADE6-E441722CF2ED}.Debug|Any CPU.Build.0 = Debug|Any CPU
		{347A09FC-FAFA-4B7B-ADE6-E441722CF2ED}.Release|Any CPU.ActiveCfg = Release|Any CPU
		{347A09FC-FAFA-4B7B-ADE6-E441722CF2ED}.Release|Any CPU.Build.0 = Release|Any CPU
	EndGlobalSection
	GlobalSection(SolutionProperties) = preSolution
		HideSolutionNode = FALSE
	EndGlobalSection
	GlobalSection(ExtensibilityGlobals) = postSolution
		SolutionGuid = {FB83EBB2-D122-4F91-BD5F-D6A564BE6B9A}
	EndGlobalSection
EndGlobal
