
Microsoft Visual Studio Solution File, Format Version 12.00
# Visual Studio 15
VisualStudioVersion = 15.0.27130.2027
MinimumVisualStudioVersion = 10.0.40219.1
Project("{FAE04EC0-301F-11D3-BF4B-00C04F79EFBC}") = "ForeachApp", "ForeachApp\ForeachApp.csproj", "{D30B3BBB-EC98-438A-97FD-09E6A941D359}"
EndProject
Global
	GlobalSection(SolutionConfigurationPlatforms) = preSolution
		Debug|Any CPU = Debug|Any CPU
		Release|Any CPU = Release|Any CPU
	EndGlobalSection
	GlobalSection(ProjectConfigurationPlatforms) = postSolution
		{D30B3BBB-EC98-438A-97FD-09E6A941D359}.Debug|Any CPU.ActiveCfg = Debug|Any CPU
		{D30B3BBB-EC98-438A-97FD-09E6A941D359}.Debug|Any CPU.Build.0 = Debug|Any CPU
		{D30B3BBB-EC98-438A-97FD-09E6A941D359}.Release|Any CPU.ActiveCfg = Release|Any CPU
		{D30B3BBB-EC98-438A-97FD-09E6A941D359}.Release|Any CPU.Build.0 = Release|Any CPU
	EndGlobalSection
	GlobalSection(SolutionProperties) = preSolution
		HideSolutionNode = FALSE
	EndGlobalSection
	GlobalSection(ExtensibilityGlobals) = postSolution
		SolutionGuid = {34801D0C-58EC-4989-A6C2-BA5B4323D399}
	EndGlobalSection
EndGlobal
