
Microsoft Visual Studio Solution File, Format Version 12.00
# Visual Studio 15
VisualStudioVersion = 15.0.27130.2027
MinimumVisualStudioVersion = 10.0.40219.1
Project("{FAE04EC0-301F-11D3-BF4B-00C04F79EFBC}") = "20211114_InheritanceApp", "20211114_InheritanceApp\20211114_InheritanceApp.csproj", "{4E33A9B0-B752-4994-9484-257F32B0D361}"
EndProject
Global
	GlobalSection(SolutionConfigurationPlatforms) = preSolution
		Debug|Any CPU = Debug|Any CPU
		Release|Any CPU = Release|Any CPU
	EndGlobalSection
	GlobalSection(ProjectConfigurationPlatforms) = postSolution
		{4E33A9B0-B752-4994-9484-257F32B0D361}.Debug|Any CPU.ActiveCfg = Debug|Any CPU
		{4E33A9B0-B752-4994-9484-257F32B0D361}.Debug|Any CPU.Build.0 = Debug|Any CPU
		{4E33A9B0-B752-4994-9484-257F32B0D361}.Release|Any CPU.ActiveCfg = Release|Any CPU
		{4E33A9B0-B752-4994-9484-257F32B0D361}.Release|Any CPU.Build.0 = Release|Any CPU
	EndGlobalSection
	GlobalSection(SolutionProperties) = preSolution
		HideSolutionNode = FALSE
	EndGlobalSection
	GlobalSection(ExtensibilityGlobals) = postSolution
		SolutionGuid = {4B0905DD-7587-4FCF-8D68-CB98695849C4}
	EndGlobalSection
EndGlobal
