
Microsoft Visual Studio Solution File, Format Version 12.00
# Visual Studio 15
VisualStudioVersion = 15.0.27130.2027
MinimumVisualStudioVersion = 10.0.40219.1
Project("{FAE04EC0-301F-11D3-BF4B-00C04F79EFBC}") = "20211109_ReferenceType", "20211109_ReferenceType\20211109_ReferenceType.csproj", "{2F861AB9-721F-4FCD-9066-1BEEA994D2EF}"
EndProject
Global
	GlobalSection(SolutionConfigurationPlatforms) = preSolution
		Debug|Any CPU = Debug|Any CPU
		Release|Any CPU = Release|Any CPU
	EndGlobalSection
	GlobalSection(ProjectConfigurationPlatforms) = postSolution
		{2F861AB9-721F-4FCD-9066-1BEEA994D2EF}.Debug|Any CPU.ActiveCfg = Debug|Any CPU
		{2F861AB9-721F-4FCD-9066-1BEEA994D2EF}.Debug|Any CPU.Build.0 = Debug|Any CPU
		{2F861AB9-721F-4FCD-9066-1BEEA994D2EF}.Release|Any CPU.ActiveCfg = Release|Any CPU
		{2F861AB9-721F-4FCD-9066-1BEEA994D2EF}.Release|Any CPU.Build.0 = Release|Any CPU
	EndGlobalSection
	GlobalSection(SolutionProperties) = preSolution
		HideSolutionNode = FALSE
	EndGlobalSection
	GlobalSection(ExtensibilityGlobals) = postSolution
		SolutionGuid = {88D8F63C-6D6A-455F-883B-B66BB3D83E2B}
	EndGlobalSection
EndGlobal
